
Microsoft Visual Studio Solution File, Format Version 12.00
# Visual Studio Version 17
VisualStudioVersion = 17.6.33723.286
MinimumVisualStudioVersion = 10.0.40219.1
Project("{FAE04EC0-301F-11D3-BF4B-00C04F79EFBC}") = "LINQ HW", "LINQ HW\LINQ HW.csproj", "{D8732CC5-3D3D-49DA-9A1C-D66B0DEA72BD}"
EndProject
Global
	GlobalSection(SolutionConfigurationPlatforms) = preSolution
		Debug|Any CPU = Debug|Any CPU
		Release|Any CPU = Release|Any CPU
	EndGlobalSection
	GlobalSection(ProjectConfigurationPlatforms) = postSolution
		{D8732CC5-3D3D-49DA-9A1C-D66B0DEA72BD}.Debug|Any CPU.ActiveCfg = Debug|Any CPU
		{D8732CC5-3D3D-49DA-9A1C-D66B0DEA72BD}.Debug|Any CPU.Build.0 = Debug|Any CPU
		{D8732CC5-3D3D-49DA-9A1C-D66B0DEA72BD}.Release|Any CPU.ActiveCfg = Release|Any CPU
		{D8732CC5-3D3D-49DA-9A1C-D66B0DEA72BD}.Release|Any CPU.Build.0 = Release|Any CPU
	EndGlobalSection
	GlobalSection(SolutionProperties) = preSolution
		HideSolutionNode = FALSE
	EndGlobalSection
	GlobalSection(ExtensibilityGlobals) = postSolution
		SolutionGuid = {DC63B163-B9A0-4DD9-BCA0-74EFBB46AFBB}
	EndGlobalSection
EndGlobal
